
Microsoft Visual Studio Solution File, Format Version 12.00
# Visual Studio Version 17
VisualStudioVersion = 17.4.33103.184
MinimumVisualStudioVersion = 10.0.40219.1
Project("{FAE04EC0-301F-11D3-BF4B-00C04F79EFBC}") = "MortgageCalculatorApplication", "MortgageCalculatorApplication\MortgageCalculatorApplication.csproj", "{DA684A56-2531-4E86-A3DA-D3BC11A72E21}"
EndProject
Project("{9A19103F-16F7-4668-BE54-9A1E7A4F7556}") = "Mortgage", "Mortgage\Mortgage.csproj", "{2D53C144-C4CF-4992-92ED-387D94EB9B6E}"
EndProject
Global
	GlobalSection(SolutionConfigurationPlatforms) = preSolution
		Debug|Any CPU = Debug|Any CPU
		Release|Any CPU = Release|Any CPU
	EndGlobalSection
	GlobalSection(ProjectConfigurationPlatforms) = postSolution
		{DA684A56-2531-4E86-A3DA-D3BC11A72E21}.Debug|Any CPU.ActiveCfg = Debug|Any CPU
		{DA684A56-2531-4E86-A3DA-D3BC11A72E21}.Debug|Any CPU.Build.0 = Debug|Any CPU
		{DA684A56-2531-4E86-A3DA-D3BC11A72E21}.Release|Any CPU.ActiveCfg = Release|Any CPU
		{DA684A56-2531-4E86-A3DA-D3BC11A72E21}.Release|Any CPU.Build.0 = Release|Any CPU
		{2D53C144-C4CF-4992-92ED-387D94EB9B6E}.Debug|Any CPU.ActiveCfg = Debug|Any CPU
		{2D53C144-C4CF-4992-92ED-387D94EB9B6E}.Debug|Any CPU.Build.0 = Debug|Any CPU
		{2D53C144-C4CF-4992-92ED-387D94EB9B6E}.Release|Any CPU.ActiveCfg = Release|Any CPU
		{2D53C144-C4CF-4992-92ED-387D94EB9B6E}.Release|Any CPU.Build.0 = Release|Any CPU
	EndGlobalSection
	GlobalSection(SolutionProperties) = preSolution
		HideSolutionNode = FALSE
	EndGlobalSection
	GlobalSection(ExtensibilityGlobals) = postSolution
		SolutionGuid = {09BD4D09-7813-4A3C-B947-677FDE664D0C}
	EndGlobalSection
EndGlobal
