
Microsoft Visual Studio Solution File, Format Version 12.00
# Visual Studio Version 17
VisualStudioVersion = 17.4.33103.184
MinimumVisualStudioVersion = 10.0.40219.1
Project("{9A19103F-16F7-4668-BE54-9A1E7A4F7556}") = "Mortgage", "Mortgage.csproj", "{5DD4352B-6650-44A7-BF93-277642DD738E}"
EndProject
Project("{FAE04EC0-301F-11D3-BF4B-00C04F79EFBC}") = "MortgageCalculatorForm", "..\MortgageCalculatorForm\MortgageCalculatorForm.csproj", "{A50A871E-08FC-4453-B666-C96BB161011D}"
EndProject
Global
	GlobalSection(SolutionConfigurationPlatforms) = preSolution
		Debug|Any CPU = Debug|Any CPU
		Release|Any CPU = Release|Any CPU
	EndGlobalSection
	GlobalSection(ProjectConfigurationPlatforms) = postSolution
		{5DD4352B-6650-44A7-BF93-277642DD738E}.Debug|Any CPU.ActiveCfg = Debug|Any CPU
		{5DD4352B-6650-44A7-BF93-277642DD738E}.Debug|Any CPU.Build.0 = Debug|Any CPU
		{5DD4352B-6650-44A7-BF93-277642DD738E}.Release|Any CPU.ActiveCfg = Release|Any CPU
		{5DD4352B-6650-44A7-BF93-277642DD738E}.Release|Any CPU.Build.0 = Release|Any CPU
		{A50A871E-08FC-4453-B666-C96BB161011D}.Debug|Any CPU.ActiveCfg = Debug|Any CPU
		{A50A871E-08FC-4453-B666-C96BB161011D}.Debug|Any CPU.Build.0 = Debug|Any CPU
		{A50A871E-08FC-4453-B666-C96BB161011D}.Release|Any CPU.ActiveCfg = Release|Any CPU
		{A50A871E-08FC-4453-B666-C96BB161011D}.Release|Any CPU.Build.0 = Release|Any CPU
	EndGlobalSection
	GlobalSection(SolutionProperties) = preSolution
		HideSolutionNode = FALSE
	EndGlobalSection
	GlobalSection(ExtensibilityGlobals) = postSolution
		SolutionGuid = {B64560D4-8BA2-4779-9FDA-FAF2DC1BAB36}
	EndGlobalSection
EndGlobal
